
Microsoft Visual Studio Solution File, Format Version 12.00
# Visual Studio Version 17
VisualStudioVersion = 17.0.31903.59
MinimumVisualStudioVersion = 10.0.40219.1
Project("{FAE04EC0-301F-11D3-BF4B-00C04F79EFBC}") = "MinhasFinancas.UnitTests", "MinhasFinancas.UnitTests\MinhasFinancas.UnitTests.csproj", "{04A99E0B-DD3A-4850-A80F-5B51105112A5}"
EndProject
Project("{FAE04EC0-301F-11D3-BF4B-00C04F79EFBC}") = "MinhasFinancas.IntegrationTests", "MinhasFinancas.IntegrationTests\MinhasFinancas.IntegrationTests.csproj", "{42FCC4BB-B76B-4979-9166-37C1D8D3AF39}"
EndProject
Project("{FAE04EC0-301F-11D3-BF4B-00C04F79EFBC}") = "MinhasFinancas.E2ETests", "MinhasFinancas.E2ETests\MinhasFinancas.E2ETests.csproj", "{422CD727-945C-49CF-B86F-41BE934F0A55}"
EndProject
Global
	GlobalSection(SolutionConfigurationPlatforms) = preSolution
		Debug|Any CPU = Debug|Any CPU
		Release|Any CPU = Release|Any CPU
	EndGlobalSection
	GlobalSection(SolutionProperties) = preSolution
		HideSolutionNode = FALSE
	EndGlobalSection
	GlobalSection(ProjectConfigurationPlatforms) = postSolution
		{04A99E0B-DD3A-4850-A80F-5B51105112A5}.Debug|Any CPU.ActiveCfg = Debug|Any CPU
		{04A99E0B-DD3A-4850-A80F-5B51105112A5}.Debug|Any CPU.Build.0 = Debug|Any CPU
		{04A99E0B-DD3A-4850-A80F-5B51105112A5}.Release|Any CPU.ActiveCfg = Release|Any CPU
		{04A99E0B-DD3A-4850-A80F-5B51105112A5}.Release|Any CPU.Build.0 = Release|Any CPU
		{42FCC4BB-B76B-4979-9166-37C1D8D3AF39}.Debug|Any CPU.ActiveCfg = Debug|Any CPU
		{42FCC4BB-B76B-4979-9166-37C1D8D3AF39}.Debug|Any CPU.Build.0 = Debug|Any CPU
		{42FCC4BB-B76B-4979-9166-37C1D8D3AF39}.Release|Any CPU.ActiveCfg = Release|Any CPU
		{42FCC4BB-B76B-4979-9166-37C1D8D3AF39}.Release|Any CPU.Build.0 = Release|Any CPU
		{422CD727-945C-49CF-B86F-41BE934F0A55}.Debug|Any CPU.ActiveCfg = Debug|Any CPU
		{422CD727-945C-49CF-B86F-41BE934F0A55}.Debug|Any CPU.Build.0 = Debug|Any CPU
		{422CD727-945C-49CF-B86F-41BE934F0A55}.Release|Any CPU.ActiveCfg = Release|Any CPU
		{422CD727-945C-49CF-B86F-41BE934F0A55}.Release|Any CPU.Build.0 = Release|Any CPU
	EndGlobalSection
EndGlobal
